{
  "name": "gatsby-starter-default",
  "version": "0.1.0",
  "lockfileVersion": 1,
  "requires": true,
  "dependencies": {
    "camelcase": {
      "version": "5.3.1",
      "resolved": "https://registry.npmjs.org/camelcase/-/camelcase-5.3.1.tgz",
      "integrity": "sha512-L28STB170nwWS63UjtlEOE3dldQApaJXZkOI1uMFfzf3rRuPegHaHesyee+YxQ+W6SvRDQV6UrdOdRiR153wJg=="
    },
    "react-icons": {
      "version": "3.6.1",
      "resolved": "https://registry.npmjs.org/react-icons/-/react-icons-3.6.1.tgz",
      "integrity": "sha512-TpdkxqS2zohHjMjO58AfMB3aW4HE6Hn2FWX2HhIbfCptHpPzW3fIrXRBSOhkzsm59CZUr7M5v2F/j3eBwws95Q==",
      "requires": {
        "camelcase": "^5.0.0"
      }
    }
  }
}
